
Microsoft Visual Studio Solution File, Format Version 12.00
# Visual Studio 15
VisualStudioVersion = 15.0.26430.6
MinimumVisualStudioVersion = 10.0.40219.1
Project("{FAE04EC0-301F-11D3-BF4B-00C04F79EFBC}") = "Chapter 4.1", "IT-Claster_PV\Chapter 4.1.csproj", "{DBCB8418-7BF3-4BFB-ADF6-49121B1532F6}"
EndProject
Project("{FAE04EC0-301F-11D3-BF4B-00C04F79EFBC}") = "Chapter 4.2", "ConsoleApp1\Chapter 4.2.csproj", "{1B53E0B3-F541-4C52-B398-E949149BB37A}"
EndProject
Project("{FAE04EC0-301F-11D3-BF4B-00C04F79EFBC}") = "Chapter 4.3", "ConsoleApp2\Chapter 4.3.csproj", "{68F133E6-3757-42EE-8108-EC5A4ADD9C52}"
EndProject
Project("{FAE04EC0-301F-11D3-BF4B-00C04F79EFBC}") = "Chapter 4.4", "ConsoleApp3\Chapter 4.4.csproj", "{122D228F-FF0F-4FA6-A587-887A3AA7B17D}"
EndProject
Project("{FAE04EC0-301F-11D3-BF4B-00C04F79EFBC}") = "Chapter 4.5", "ConsoleApp4\Chapter 4.5.csproj", "{540EDA2D-2AFB-43E8-A9D4-C20709A6E5D7}"
EndProject
Project("{FAE04EC0-301F-11D3-BF4B-00C04F79EFBC}") = "Chapter 5.1", "Chapter 5.1\Chapter 5.1.csproj", "{54987A87-69FD-4C5C-A890-7B243C7E7D4E}"
EndProject
Project("{FAE04EC0-301F-11D3-BF4B-00C04F79EFBC}") = "Chapter 5.2", "Chapter 5.2\Chapter 5.2.csproj", "{010C7E9F-7B72-4273-8940-A1DD834D673C}"
EndProject
Project("{FAE04EC0-301F-11D3-BF4B-00C04F79EFBC}") = "Chapter 5.3", "ConsoleApp5\Chapter 5.3.csproj", "{5E7C20C2-ABF5-447A-9AA7-11CBBF0E2288}"
EndProject
Project("{FAE04EC0-301F-11D3-BF4B-00C04F79EFBC}") = "Chapter 5.4", "Chapter 5.4\Chapter 5.4.csproj", "{E418394F-119E-44BD-B80B-EFF79FBCB0B5}"
EndProject
Project("{FAE04EC0-301F-11D3-BF4B-00C04F79EFBC}") = "Chapter 5.5", "Chapter 5.5\Chapter 5.5.csproj", "{17C087CC-4452-4B34-8E19-BE0560403D54}"
EndProject
Project("{FAE04EC0-301F-11D3-BF4B-00C04F79EFBC}") = "Chapter 5.6", "Chapter 5.6\Chapter 5.6.csproj", "{746630A5-CA5D-48F2-B6E0-48E234AC1C58}"
EndProject
Project("{FAE04EC0-301F-11D3-BF4B-00C04F79EFBC}") = "Chapter 5.7", "Chapter 5.7\Chapter 5.7.csproj", "{B83C790F-8316-473F-A7FD-623AB38DBD9C}"
EndProject
Project("{FAE04EC0-301F-11D3-BF4B-00C04F79EFBC}") = "Chapter 5.8", "Chapter 5.8\Chapter 5.8.csproj", "{9C658379-9781-42D5-9850-72E7CF486E27}"
EndProject
Project("{FAE04EC0-301F-11D3-BF4B-00C04F79EFBC}") = "Chapter 5.9", "Chapter 5.9\Chapter 5.9.csproj", "{74AD62C9-2F70-4D6B-B1BD-ED63CA061728}"
EndProject
Project("{FAE04EC0-301F-11D3-BF4B-00C04F79EFBC}") = "Chapter 5.10", "Chapter 5.10\Chapter 5.10.csproj", "{81155107-6EA9-4F1A-BB5A-190465C5D76B}"
EndProject
Project("{FAE04EC0-301F-11D3-BF4B-00C04F79EFBC}") = "Chapter 6.1", "Chapter 6.1\Chapter 6.1.csproj", "{2F6FAEE9-B20B-4D9D-989E-5D4A76C9E0CA}"
EndProject
Project("{FAE04EC0-301F-11D3-BF4B-00C04F79EFBC}") = "Chapter 6.2", "Chapter 6.2\Chapter 6.2.csproj", "{9933C93C-56CA-4BD2-A1D1-53DF9C716329}"
EndProject
Project("{FAE04EC0-301F-11D3-BF4B-00C04F79EFBC}") = "Chapter 6.3", "Chapter 6.3\Chapter 6.3.csproj", "{C7F15507-9F47-4BAF-9667-41BC1F1801CF}"
EndProject
Project("{FAE04EC0-301F-11D3-BF4B-00C04F79EFBC}") = "Chapter 6.4", "Chapter 6.4\Chapter 6.4.csproj", "{EAA1EE0B-38F2-4A53-95C1-AEA829CD5C85}"
EndProject
Project("{FAE04EC0-301F-11D3-BF4B-00C04F79EFBC}") = "Chapter 6.5", "Chapter 6.5\Chapter 6.5.csproj", "{A295F462-C99A-45C1-A095-A5B476DC2655}"
EndProject
Project("{FAE04EC0-301F-11D3-BF4B-00C04F79EFBC}") = "Chapter 6.6", "Chapter 6.6\Chapter 6.6.csproj", "{4D9AC667-9310-4A45-B7A9-1A9A588A571A}"
EndProject
Project("{FAE04EC0-301F-11D3-BF4B-00C04F79EFBC}") = "Chapter 6.7-9", "Chapter 6.7\Chapter 6.7-9.csproj", "{E5AC55A9-EBF1-42F4-99CF-65106CC38BBD}"
EndProject
Project("{FAE04EC0-301F-11D3-BF4B-00C04F79EFBC}") = "Chapter 6.10", "Chapter 6.10\Chapter 6.10.csproj", "{13883E64-10E7-4EAC-80CB-C97F4E78478F}"
EndProject
Global
	GlobalSection(SolutionConfigurationPlatforms) = preSolution
		Debug|Any CPU = Debug|Any CPU
		Release|Any CPU = Release|Any CPU
	EndGlobalSection
	GlobalSection(ProjectConfigurationPlatforms) = postSolution
		{DBCB8418-7BF3-4BFB-ADF6-49121B1532F6}.Debug|Any CPU.ActiveCfg = Debug|Any CPU
		{DBCB8418-7BF3-4BFB-ADF6-49121B1532F6}.Debug|Any CPU.Build.0 = Debug|Any CPU
		{DBCB8418-7BF3-4BFB-ADF6-49121B1532F6}.Release|Any CPU.ActiveCfg = Release|Any CPU
		{DBCB8418-7BF3-4BFB-ADF6-49121B1532F6}.Release|Any CPU.Build.0 = Release|Any CPU
		{1B53E0B3-F541-4C52-B398-E949149BB37A}.Debug|Any CPU.ActiveCfg = Debug|Any CPU
		{1B53E0B3-F541-4C52-B398-E949149BB37A}.Debug|Any CPU.Build.0 = Debug|Any CPU
		{1B53E0B3-F541-4C52-B398-E949149BB37A}.Release|Any CPU.ActiveCfg = Release|Any CPU
		{1B53E0B3-F541-4C52-B398-E949149BB37A}.Release|Any CPU.Build.0 = Release|Any CPU
		{68F133E6-3757-42EE-8108-EC5A4ADD9C52}.Debug|Any CPU.ActiveCfg = Debug|Any CPU
		{68F133E6-3757-42EE-8108-EC5A4ADD9C52}.Debug|Any CPU.Build.0 = Debug|Any CPU
		{68F133E6-3757-42EE-8108-EC5A4ADD9C52}.Release|Any CPU.ActiveCfg = Release|Any CPU
		{68F133E6-3757-42EE-8108-EC5A4ADD9C52}.Release|Any CPU.Build.0 = Release|Any CPU
		{122D228F-FF0F-4FA6-A587-887A3AA7B17D}.Debug|Any CPU.ActiveCfg = Debug|Any CPU
		{122D228F-FF0F-4FA6-A587-887A3AA7B17D}.Debug|Any CPU.Build.0 = Debug|Any CPU
		{122D228F-FF0F-4FA6-A587-887A3AA7B17D}.Release|Any CPU.ActiveCfg = Release|Any CPU
		{122D228F-FF0F-4FA6-A587-887A3AA7B17D}.Release|Any CPU.Build.0 = Release|Any CPU
		{540EDA2D-2AFB-43E8-A9D4-C20709A6E5D7}.Debug|Any CPU.ActiveCfg = Debug|Any CPU
		{540EDA2D-2AFB-43E8-A9D4-C20709A6E5D7}.Debug|Any CPU.Build.0 = Debug|Any CPU
		{540EDA2D-2AFB-43E8-A9D4-C20709A6E5D7}.Release|Any CPU.ActiveCfg = Release|Any CPU
		{540EDA2D-2AFB-43E8-A9D4-C20709A6E5D7}.Release|Any CPU.Build.0 = Release|Any CPU
		{54987A87-69FD-4C5C-A890-7B243C7E7D4E}.Debug|Any CPU.ActiveCfg = Debug|Any CPU
		{54987A87-69FD-4C5C-A890-7B243C7E7D4E}.Debug|Any CPU.Build.0 = Debug|Any CPU
		{54987A87-69FD-4C5C-A890-7B243C7E7D4E}.Release|Any CPU.ActiveCfg = Release|Any CPU
		{54987A87-69FD-4C5C-A890-7B243C7E7D4E}.Release|Any CPU.Build.0 = Release|Any CPU
		{010C7E9F-7B72-4273-8940-A1DD834D673C}.Debug|Any CPU.ActiveCfg = Debug|Any CPU
		{010C7E9F-7B72-4273-8940-A1DD834D673C}.Debug|Any CPU.Build.0 = Debug|Any CPU
		{010C7E9F-7B72-4273-8940-A1DD834D673C}.Release|Any CPU.ActiveCfg = Release|Any CPU
		{010C7E9F-7B72-4273-8940-A1DD834D673C}.Release|Any CPU.Build.0 = Release|Any CPU
		{5E7C20C2-ABF5-447A-9AA7-11CBBF0E2288}.Debug|Any CPU.ActiveCfg = Debug|Any CPU
		{5E7C20C2-ABF5-447A-9AA7-11CBBF0E2288}.Debug|Any CPU.Build.0 = Debug|Any CPU
		{5E7C20C2-ABF5-447A-9AA7-11CBBF0E2288}.Release|Any CPU.ActiveCfg = Release|Any CPU
		{5E7C20C2-ABF5-447A-9AA7-11CBBF0E2288}.Release|Any CPU.Build.0 = Release|Any CPU
		{E418394F-119E-44BD-B80B-EFF79FBCB0B5}.Debug|Any CPU.ActiveCfg = Debug|Any CPU
		{E418394F-119E-44BD-B80B-EFF79FBCB0B5}.Debug|Any CPU.Build.0 = Debug|Any CPU
		{E418394F-119E-44BD-B80B-EFF79FBCB0B5}.Release|Any CPU.ActiveCfg = Release|Any CPU
		{E418394F-119E-44BD-B80B-EFF79FBCB0B5}.Release|Any CPU.Build.0 = Release|Any CPU
		{17C087CC-4452-4B34-8E19-BE0560403D54}.Debug|Any CPU.ActiveCfg = Debug|Any CPU
		{17C087CC-4452-4B34-8E19-BE0560403D54}.Debug|Any CPU.Build.0 = Debug|Any CPU
		{17C087CC-4452-4B34-8E19-BE0560403D54}.Release|Any CPU.ActiveCfg = Release|Any CPU
		{17C087CC-4452-4B34-8E19-BE0560403D54}.Release|Any CPU.Build.0 = Release|Any CPU
		{746630A5-CA5D-48F2-B6E0-48E234AC1C58}.Debug|Any CPU.ActiveCfg = Debug|Any CPU
		{746630A5-CA5D-48F2-B6E0-48E234AC1C58}.Debug|Any CPU.Build.0 = Debug|Any CPU
		{746630A5-CA5D-48F2-B6E0-48E234AC1C58}.Release|Any CPU.ActiveCfg = Release|Any CPU
		{746630A5-CA5D-48F2-B6E0-48E234AC1C58}.Release|Any CPU.Build.0 = Release|Any CPU
		{B83C790F-8316-473F-A7FD-623AB38DBD9C}.Debug|Any CPU.ActiveCfg = Debug|Any CPU
		{B83C790F-8316-473F-A7FD-623AB38DBD9C}.Debug|Any CPU.Build.0 = Debug|Any CPU
		{B83C790F-8316-473F-A7FD-623AB38DBD9C}.Release|Any CPU.ActiveCfg = Release|Any CPU
		{B83C790F-8316-473F-A7FD-623AB38DBD9C}.Release|Any CPU.Build.0 = Release|Any CPU
		{9C658379-9781-42D5-9850-72E7CF486E27}.Debug|Any CPU.ActiveCfg = Debug|Any CPU
		{9C658379-9781-42D5-9850-72E7CF486E27}.Debug|Any CPU.Build.0 = Debug|Any CPU
		{9C658379-9781-42D5-9850-72E7CF486E27}.Release|Any CPU.ActiveCfg = Release|Any CPU
		{9C658379-9781-42D5-9850-72E7CF486E27}.Release|Any CPU.Build.0 = Release|Any CPU
		{74AD62C9-2F70-4D6B-B1BD-ED63CA061728}.Debug|Any CPU.ActiveCfg = Debug|Any CPU
		{74AD62C9-2F70-4D6B-B1BD-ED63CA061728}.Debug|Any CPU.Build.0 = Debug|Any CPU
		{74AD62C9-2F70-4D6B-B1BD-ED63CA061728}.Release|Any CPU.ActiveCfg = Release|Any CPU
		{74AD62C9-2F70-4D6B-B1BD-ED63CA061728}.Release|Any CPU.Build.0 = Release|Any CPU
		{81155107-6EA9-4F1A-BB5A-190465C5D76B}.Debug|Any CPU.ActiveCfg = Debug|Any CPU
		{81155107-6EA9-4F1A-BB5A-190465C5D76B}.Debug|Any CPU.Build.0 = Debug|Any CPU
		{81155107-6EA9-4F1A-BB5A-190465C5D76B}.Release|Any CPU.ActiveCfg = Release|Any CPU
		{81155107-6EA9-4F1A-BB5A-190465C5D76B}.Release|Any CPU.Build.0 = Release|Any CPU
		{2F6FAEE9-B20B-4D9D-989E-5D4A76C9E0CA}.Debug|Any CPU.ActiveCfg = Debug|Any CPU
		{2F6FAEE9-B20B-4D9D-989E-5D4A76C9E0CA}.Debug|Any CPU.Build.0 = Debug|Any CPU
		{2F6FAEE9-B20B-4D9D-989E-5D4A76C9E0CA}.Release|Any CPU.ActiveCfg = Release|Any CPU
		{2F6FAEE9-B20B-4D9D-989E-5D4A76C9E0CA}.Release|Any CPU.Build.0 = Release|Any CPU
		{9933C93C-56CA-4BD2-A1D1-53DF9C716329}.Debug|Any CPU.ActiveCfg = Debug|Any CPU
		{9933C93C-56CA-4BD2-A1D1-53DF9C716329}.Debug|Any CPU.Build.0 = Debug|Any CPU
		{9933C93C-56CA-4BD2-A1D1-53DF9C716329}.Release|Any CPU.ActiveCfg = Release|Any CPU
		{9933C93C-56CA-4BD2-A1D1-53DF9C716329}.Release|Any CPU.Build.0 = Release|Any CPU
		{C7F15507-9F47-4BAF-9667-41BC1F1801CF}.Debug|Any CPU.ActiveCfg = Debug|Any CPU
		{C7F15507-9F47-4BAF-9667-41BC1F1801CF}.Debug|Any CPU.Build.0 = Debug|Any CPU
		{C7F15507-9F47-4BAF-9667-41BC1F1801CF}.Release|Any CPU.ActiveCfg = Release|Any CPU
		{C7F15507-9F47-4BAF-9667-41BC1F1801CF}.Release|Any CPU.Build.0 = Release|Any CPU
		{EAA1EE0B-38F2-4A53-95C1-AEA829CD5C85}.Debug|Any CPU.ActiveCfg = Debug|Any CPU
		{EAA1EE0B-38F2-4A53-95C1-AEA829CD5C85}.Debug|Any CPU.Build.0 = Debug|Any CPU
		{EAA1EE0B-38F2-4A53-95C1-AEA829CD5C85}.Release|Any CPU.ActiveCfg = Release|Any CPU
		{EAA1EE0B-38F2-4A53-95C1-AEA829CD5C85}.Release|Any CPU.Build.0 = Release|Any CPU
		{A295F462-C99A-45C1-A095-A5B476DC2655}.Debug|Any CPU.ActiveCfg = Debug|Any CPU
		{A295F462-C99A-45C1-A095-A5B476DC2655}.Debug|Any CPU.Build.0 = Debug|Any CPU
		{A295F462-C99A-45C1-A095-A5B476DC2655}.Release|Any CPU.ActiveCfg = Release|Any CPU
		{A295F462-C99A-45C1-A095-A5B476DC2655}.Release|Any CPU.Build.0 = Release|Any CPU
		{4D9AC667-9310-4A45-B7A9-1A9A588A571A}.Debug|Any CPU.ActiveCfg = Debug|Any CPU
		{4D9AC667-9310-4A45-B7A9-1A9A588A571A}.Debug|Any CPU.Build.0 = Debug|Any CPU
		{4D9AC667-9310-4A45-B7A9-1A9A588A571A}.Release|Any CPU.ActiveCfg = Release|Any CPU
		{4D9AC667-9310-4A45-B7A9-1A9A588A571A}.Release|Any CPU.Build.0 = Release|Any CPU
		{E5AC55A9-EBF1-42F4-99CF-65106CC38BBD}.Debug|Any CPU.ActiveCfg = Debug|Any CPU
		{E5AC55A9-EBF1-42F4-99CF-65106CC38BBD}.Debug|Any CPU.Build.0 = Debug|Any CPU
		{E5AC55A9-EBF1-42F4-99CF-65106CC38BBD}.Release|Any CPU.ActiveCfg = Release|Any CPU
		{E5AC55A9-EBF1-42F4-99CF-65106CC38BBD}.Release|Any CPU.Build.0 = Release|Any CPU
		{13883E64-10E7-4EAC-80CB-C97F4E78478F}.Debug|Any CPU.ActiveCfg = Debug|Any CPU
		{13883E64-10E7-4EAC-80CB-C97F4E78478F}.Debug|Any CPU.Build.0 = Debug|Any CPU
		{13883E64-10E7-4EAC-80CB-C97F4E78478F}.Release|Any CPU.ActiveCfg = Release|Any CPU
		{13883E64-10E7-4EAC-80CB-C97F4E78478F}.Release|Any CPU.Build.0 = Release|Any CPU
	EndGlobalSection
	GlobalSection(SolutionProperties) = preSolution
		HideSolutionNode = FALSE
	EndGlobalSection
EndGlobal
